
Microsoft Visual Studio Solution File, Format Version 12.00
# Visual Studio 15
Project("{FAE04EC0-301F-11D3-BF4B-00C04F79EFBC}") = "Assembly-CSharp", "Assembly-CSharp.csproj", "{33153C39-DE52-F9A8-5A91-FA3612B3CDE1}"
EndProject
Project("{FAE04EC0-301F-11D3-BF4B-00C04F79EFBC}") = "Assembly-CSharp-Editor", "Assembly-CSharp-Editor.csproj", "{A50959AE-3071-9A32-8EC0-009498AEA397}"
EndProject
Global
	GlobalSection(SolutionConfigurationPlatforms) = preSolution
		Debug|Any CPU = Debug|Any CPU
		Release|Any CPU = Release|Any CPU
	EndGlobalSection
	GlobalSection(ProjectConfigurationPlatforms) = postSolution
		{33153C39-DE52-F9A8-5A91-FA3612B3CDE1}.Debug|Any CPU.ActiveCfg = Debug|Any CPU
		{33153C39-DE52-F9A8-5A91-FA3612B3CDE1}.Debug|Any CPU.Build.0 = Debug|Any CPU
		{33153C39-DE52-F9A8-5A91-FA3612B3CDE1}.Release|Any CPU.ActiveCfg = Release|Any CPU
		{33153C39-DE52-F9A8-5A91-FA3612B3CDE1}.Release|Any CPU.Build.0 = Release|Any CPU
		{A50959AE-3071-9A32-8EC0-009498AEA397}.Debug|Any CPU.ActiveCfg = Debug|Any CPU
		{A50959AE-3071-9A32-8EC0-009498AEA397}.Debug|Any CPU.Build.0 = Debug|Any CPU
		{A50959AE-3071-9A32-8EC0-009498AEA397}.Release|Any CPU.ActiveCfg = Release|Any CPU
		{A50959AE-3071-9A32-8EC0-009498AEA397}.Release|Any CPU.Build.0 = Release|Any CPU
	EndGlobalSection
	GlobalSection(SolutionProperties) = preSolution
		HideSolutionNode = FALSE
	EndGlobalSection
EndGlobal
